
Microsoft Visual Studio Solution File, Format Version 12.00
# Visual Studio 2012
Project("{FAE04EC0-301F-11D3-BF4B-00C04F79EFBC}") = "minobrlabs", "minobrlabs\minobrlabs.csproj", "{09625715-E894-4B26-9C31-2B0DC829E915}"
EndProject
Project("{FAE04EC0-301F-11D3-BF4B-00C04F79EFBC}") = "minobrlabs.iOS", "iOS\minobrlabs.iOS.csproj", "{E2D33CD7-54E0-4F55-8810-D9F74C193F21}"
EndProject
Project("{FAE04EC0-301F-11D3-BF4B-00C04F79EFBC}") = "minobrlabs.Droid", "Droid\minobrlabs.Droid.csproj", "{9423DBC5-1BA3-455C-BD0C-3834EACC39B5}"
EndProject
Project("{FAE04EC0-301F-11D3-BF4B-00C04F79EFBC}") = "minobrlabs.UITests", "UITests\minobrlabs.UITests.csproj", "{EB6079C7-E214-4F1E-B071-6DF5624AD594}"
EndProject
Global
	GlobalSection(SolutionConfigurationPlatforms) = preSolution
		Debug|Any CPU = Debug|Any CPU
		Release|Any CPU = Release|Any CPU
		Debug|iPhoneSimulator = Debug|iPhoneSimulator
		Release|iPhone = Release|iPhone
		Release|iPhoneSimulator = Release|iPhoneSimulator
		Debug|iPhone = Debug|iPhone
	EndGlobalSection
	GlobalSection(ProjectConfigurationPlatforms) = postSolution
		{09625715-E894-4B26-9C31-2B0DC829E915}.Debug|Any CPU.ActiveCfg = Debug|Any CPU
		{09625715-E894-4B26-9C31-2B0DC829E915}.Debug|Any CPU.Build.0 = Debug|Any CPU
		{09625715-E894-4B26-9C31-2B0DC829E915}.Debug|iPhone.ActiveCfg = Debug|Any CPU
		{09625715-E894-4B26-9C31-2B0DC829E915}.Debug|iPhone.Build.0 = Debug|Any CPU
		{09625715-E894-4B26-9C31-2B0DC829E915}.Debug|iPhoneSimulator.ActiveCfg = Debug|Any CPU
		{09625715-E894-4B26-9C31-2B0DC829E915}.Debug|iPhoneSimulator.Build.0 = Debug|Any CPU
		{09625715-E894-4B26-9C31-2B0DC829E915}.Release|Any CPU.ActiveCfg = Release|Any CPU
		{09625715-E894-4B26-9C31-2B0DC829E915}.Release|Any CPU.Build.0 = Release|Any CPU
		{09625715-E894-4B26-9C31-2B0DC829E915}.Release|iPhone.ActiveCfg = Release|Any CPU
		{09625715-E894-4B26-9C31-2B0DC829E915}.Release|iPhone.Build.0 = Release|Any CPU
		{09625715-E894-4B26-9C31-2B0DC829E915}.Release|iPhoneSimulator.ActiveCfg = Release|Any CPU
		{09625715-E894-4B26-9C31-2B0DC829E915}.Release|iPhoneSimulator.Build.0 = Release|Any CPU
		{9423DBC5-1BA3-455C-BD0C-3834EACC39B5}.Debug|Any CPU.ActiveCfg = Debug|Any CPU
		{9423DBC5-1BA3-455C-BD0C-3834EACC39B5}.Debug|Any CPU.Build.0 = Debug|Any CPU
		{9423DBC5-1BA3-455C-BD0C-3834EACC39B5}.Debug|iPhone.ActiveCfg = Debug|Any CPU
		{9423DBC5-1BA3-455C-BD0C-3834EACC39B5}.Debug|iPhone.Build.0 = Debug|Any CPU
		{9423DBC5-1BA3-455C-BD0C-3834EACC39B5}.Debug|iPhoneSimulator.ActiveCfg = Debug|Any CPU
		{9423DBC5-1BA3-455C-BD0C-3834EACC39B5}.Debug|iPhoneSimulator.Build.0 = Debug|Any CPU
		{9423DBC5-1BA3-455C-BD0C-3834EACC39B5}.Release|Any CPU.ActiveCfg = Release|Any CPU
		{9423DBC5-1BA3-455C-BD0C-3834EACC39B5}.Release|Any CPU.Build.0 = Release|Any CPU
		{9423DBC5-1BA3-455C-BD0C-3834EACC39B5}.Release|iPhone.ActiveCfg = Release|Any CPU
		{9423DBC5-1BA3-455C-BD0C-3834EACC39B5}.Release|iPhone.Build.0 = Release|Any CPU
		{9423DBC5-1BA3-455C-BD0C-3834EACC39B5}.Release|iPhoneSimulator.ActiveCfg = Release|Any CPU
		{9423DBC5-1BA3-455C-BD0C-3834EACC39B5}.Release|iPhoneSimulator.Build.0 = Release|Any CPU
		{E2D33CD7-54E0-4F55-8810-D9F74C193F21}.Debug|Any CPU.ActiveCfg = Debug|iPhoneSimulator
		{E2D33CD7-54E0-4F55-8810-D9F74C193F21}.Debug|Any CPU.Build.0 = Debug|iPhoneSimulator
		{E2D33CD7-54E0-4F55-8810-D9F74C193F21}.Debug|iPhone.ActiveCfg = Debug|iPhone
		{E2D33CD7-54E0-4F55-8810-D9F74C193F21}.Debug|iPhone.Build.0 = Debug|iPhone
		{E2D33CD7-54E0-4F55-8810-D9F74C193F21}.Debug|iPhoneSimulator.ActiveCfg = Debug|iPhoneSimulator
		{E2D33CD7-54E0-4F55-8810-D9F74C193F21}.Debug|iPhoneSimulator.Build.0 = Debug|iPhoneSimulator
		{E2D33CD7-54E0-4F55-8810-D9F74C193F21}.Release|Any CPU.ActiveCfg = Release|iPhone
		{E2D33CD7-54E0-4F55-8810-D9F74C193F21}.Release|Any CPU.Build.0 = Release|iPhone
		{E2D33CD7-54E0-4F55-8810-D9F74C193F21}.Release|iPhone.ActiveCfg = Release|iPhone
		{E2D33CD7-54E0-4F55-8810-D9F74C193F21}.Release|iPhone.Build.0 = Release|iPhone
		{E2D33CD7-54E0-4F55-8810-D9F74C193F21}.Release|iPhoneSimulator.ActiveCfg = Release|iPhoneSimulator
		{E2D33CD7-54E0-4F55-8810-D9F74C193F21}.Release|iPhoneSimulator.Build.0 = Release|iPhoneSimulator
		{EB6079C7-E214-4F1E-B071-6DF5624AD594}.Debug|Any CPU.ActiveCfg = Debug|Any CPU
		{EB6079C7-E214-4F1E-B071-6DF5624AD594}.Debug|Any CPU.Build.0 = Debug|Any CPU
		{EB6079C7-E214-4F1E-B071-6DF5624AD594}.Debug|iPhone.ActiveCfg = Debug|Any CPU
		{EB6079C7-E214-4F1E-B071-6DF5624AD594}.Debug|iPhone.Build.0 = Debug|Any CPU
		{EB6079C7-E214-4F1E-B071-6DF5624AD594}.Debug|iPhoneSimulator.ActiveCfg = Debug|Any CPU
		{EB6079C7-E214-4F1E-B071-6DF5624AD594}.Debug|iPhoneSimulator.Build.0 = Debug|Any CPU
		{EB6079C7-E214-4F1E-B071-6DF5624AD594}.Release|Any CPU.ActiveCfg = Release|Any CPU
		{EB6079C7-E214-4F1E-B071-6DF5624AD594}.Release|Any CPU.Build.0 = Release|Any CPU
		{EB6079C7-E214-4F1E-B071-6DF5624AD594}.Release|iPhone.ActiveCfg = Release|Any CPU
		{EB6079C7-E214-4F1E-B071-6DF5624AD594}.Release|iPhone.Build.0 = Release|Any CPU
		{EB6079C7-E214-4F1E-B071-6DF5624AD594}.Release|iPhoneSimulator.ActiveCfg = Release|Any CPU
		{EB6079C7-E214-4F1E-B071-6DF5624AD594}.Release|iPhoneSimulator.Build.0 = Release|Any CPU
	EndGlobalSection
EndGlobal
